
Microsoft Visual Studio Solution File, Format Version 12.00
# Visual Studio Version 16
VisualStudioVersion = 16.0.30406.217
MinimumVisualStudioVersion = 10.0.40219.1
Project("{9A19103F-16F7-4668-BE54-9A1E7A4F7556}") = "AmpShell", "AmpShell.csproj", "{1D7A94D8-58CF-49E3-8E79-AF8F709FCCE6}"
EndProject
Global
	GlobalSection(SolutionConfigurationPlatforms) = preSolution
		Debug|Any CPU = Debug|Any CPU
		Release|Any CPU = Release|Any CPU
	EndGlobalSection
	GlobalSection(ProjectConfigurationPlatforms) = postSolution
		{1D7A94D8-58CF-49E3-8E79-AF8F709FCCE6}.Debug|Any CPU.ActiveCfg = Debug|Any CPU
		{1D7A94D8-58CF-49E3-8E79-AF8F709FCCE6}.Debug|Any CPU.Build.0 = Debug|Any CPU
		{1D7A94D8-58CF-49E3-8E79-AF8F709FCCE6}.Release|Any CPU.ActiveCfg = Release|Any CPU
		{1D7A94D8-58CF-49E3-8E79-AF8F709FCCE6}.Release|Any CPU.Build.0 = Release|Any CPU
	EndGlobalSection
	GlobalSection(SolutionProperties) = preSolution
		HideSolutionNode = FALSE
	EndGlobalSection
	GlobalSection(ExtensibilityGlobals) = postSolution
		SolutionGuid = {3CDE1965-EBE9-486A-8557-534A26C4353E}
	EndGlobalSection
EndGlobal
